{
  "version": 2,
  "dependencies": {
    "net10.0": {
      "CliWrap": {
        "type": "Direct",
        "requested": "[3.10.0, )",
        "resolved": "3.10.0",
        "contentHash": "Igph39WNImUFqQrpTeBDPafcCnM1u/8IooZHqMRF/5JdV5H78p+AbZkeYY1Nkz1WlbI/Gt2Hq/3rYh55jxRF9Q=="
      },
      "Nerdbank.GitVersioning": {
        "type": "Direct",
        "requested": "[3.9.50, )",
        "resolved": "3.9.50",
        "contentHash": "HtOgGF6jZ+WYbXnCUCYPT8Y2d6mIJo9ozjK/FINTRsXdm4Zgv9GehUMa7EFoGQkqrMcDJNOIDwCmENnvXg4UbA=="
      },
      "System.CommandLine": {
        "type": "Direct",
        "requested": "[2.0.0-beta4.22272.1, )",
        "resolved": "2.0.0-beta4.22272.1",
        "contentHash": "1uqED/q2H0kKoLJ4+hI2iPSBSEdTuhfCYADeJrAqERmiGQ2NNacYKRNEQ+gFbU4glgVyK8rxI+ZOe1onEtr/Pg=="
      }
    },
    "net8.0": {
      "CliWrap": {
        "type": "Direct",
        "requested": "[3.10.0, )",
        "resolved": "3.10.0",
        "contentHash": "Igph39WNImUFqQrpTeBDPafcCnM1u/8IooZHqMRF/5JdV5H78p+AbZkeYY1Nkz1WlbI/Gt2Hq/3rYh55jxRF9Q=="
      },
      "Nerdbank.GitVersioning": {
        "type": "Direct",
        "requested": "[3.9.50, )",
        "resolved": "3.9.50",
        "contentHash": "HtOgGF6jZ+WYbXnCUCYPT8Y2d6mIJo9ozjK/FINTRsXdm4Zgv9GehUMa7EFoGQkqrMcDJNOIDwCmENnvXg4UbA=="
      },
      "System.CommandLine": {
        "type": "Direct",
        "requested": "[2.0.0-beta4.22272.1, )",
        "resolved": "2.0.0-beta4.22272.1",
        "contentHash": "1uqED/q2H0kKoLJ4+hI2iPSBSEdTuhfCYADeJrAqERmiGQ2NNacYKRNEQ+gFbU4glgVyK8rxI+ZOe1onEtr/Pg=="
      }
    }
  }
}